
Microsoft Visual Studio Solution File, Format Version 12.00
# Visual Studio 15
VisualStudioVersion = 15.0.26403.7
MinimumVisualStudioVersion = 10.0.40219.1
Project("{8BC9CEB8-8B4A-11D0-8D11-00A0C91BC942}") = "ScoreboardController", "ScoreboardController\ScoreboardController.vcxproj", "{D4D0AF39-EA87-47A1-AA76-67D47D24E696}"
EndProject
Project("{8BC9CEB8-8B4A-11D0-8D11-00A0C91BC942}") = "ScoreboardMaster", "ScoreboardMaster\ScoreboardMaster.vcxproj", "{54C5DD61-0922-4633-8BC9-6E9E01D16D51}"
EndProject
Project("{8BC9CEB8-8B4A-11D0-8D11-00A0C91BC942}") = "ScoreboardRepeater", "ScoreboardRepeater\ScoreboardRepeater.vcxproj", "{19BEC79E-15CC-48CA-BA2A-0F52D7B676B5}"
EndProject
Project("{8BC9CEB8-8B4A-11D0-8D11-00A0C91BC942}") = "ScoreboardPanel", "ScoreboardPanel\ScoreboardPanel.vcxproj", "{412C3475-69C4-4753-B875-59F8FBC33196}"
EndProject
Project("{8BC9CEB8-8B4A-11D0-8D11-00A0C91BC942}") = "ScoreboardTestPanel", "ScoreboardTestPanel\ScoreboardTestPanel.vcxproj", "{49E1D0BB-CE12-4F5D-A6BA-B20D304B0F04}"
EndProject
Project("{8BC9CEB8-8B4A-11D0-8D11-00A0C91BC942}") = "ScoreboardLibrary", "ScoreboardLibrary\ScoreboardLibrary.vcxproj", "{C5F80730-F44F-4478-BDAE-6634EFC2CA88}"
EndProject
Project("{8BC9CEB8-8B4A-11D0-8D11-00A0C91BC942}") = "ScoreboardControllerWifi", "ScoreboardControllerWifi\ScoreboardControllerWifi.vcxproj", "{3D7FCBF2-DD8A-48F2-B43F-8B2A4F51160B}"
EndProject
Project("{2150E333-8FDC-42A3-9474-1A3956D46DE8}") = "www", "www", "{2291C91F-C73F-49FD-A2A5-8AA6A3303FAB}"
	ProjectSection(SolutionItems) = preProject
		ScoreboardControllerWifi\data\apple-touch-icon.png = ScoreboardControllerWifi\data\apple-touch-icon.png
		ScoreboardControllerWifi\data\browserconfig.xml = ScoreboardControllerWifi\data\browserconfig.xml
		ScoreboardControllerWifi\data\favicon-16x16.png = ScoreboardControllerWifi\data\favicon-16x16.png
		ScoreboardControllerWifi\data\favicon-32x32.png = ScoreboardControllerWifi\data\favicon-32x32.png
		ScoreboardControllerWifi\data\favicon.ico = ScoreboardControllerWifi\data\favicon.ico
		ScoreboardControllerWifi\data\index.html = ScoreboardControllerWifi\data\index.html
		ScoreboardControllerWifi\data\logo.jpg = ScoreboardControllerWifi\data\logo.jpg
		ScoreboardControllerWifi\data\logo.png = ScoreboardControllerWifi\data\logo.png
		ScoreboardControllerWifi\data\logo.xcf = ScoreboardControllerWifi\data\logo.xcf
		ScoreboardControllerWifi\data\manifest.json = ScoreboardControllerWifi\data\manifest.json
		ScoreboardControllerWifi\data\mstile-150x150.png = ScoreboardControllerWifi\data\mstile-150x150.png
		ScoreboardControllerWifi\data\redirect.html = ScoreboardControllerWifi\data\redirect.html
		ScoreboardControllerWifi\data\safari-pinned-tab.svg = ScoreboardControllerWifi\data\safari-pinned-tab.svg
	EndProjectSection
EndProject
Project("{8BC9CEB8-8B4A-11D0-8D11-00A0C91BC942}") = "Scoreboard_V4", "Scoreboard_V4\Scoreboard_V4.vcxproj", "{FD7EDF7E-F6AC-41C6-B7E1-918C434B35BC}"
EndProject
Project("{8BC9CEB8-8B4A-11D0-8D11-00A0C91BC942}") = "ScoreboardHardwareTest (consider removing)", "ScoreboardHardwareTest\ScoreboardHardwareTest.vcxproj", "{3DDDE97C-CE2A-4E0F-9A3A-6EBF3A5FF78A}"
EndProject
Project("{8BC9CEB8-8B4A-11D0-8D11-00A0C91BC942}") = "TimeRead", "..\..\..\..\..\Arduino\libraries\DS1307RTC\examples\ReadTest\ReadTest.vcxproj", "{1F854385-91AA-4F9E-85B5-D661E0F0DB69}"
EndProject
Project("{2150E333-8FDC-42A3-9474-1A3956D46DE8}") = "Solution Items", "Solution Items", "{4B81EEB1-8676-4D3C-B9B4-AA4261850008}"
	ProjectSection(SolutionItems) = preProject
		TODO.txt = TODO.txt
		Upload.bat = Upload.bat
	EndProjectSection
EndProject
Project("{8BC9CEB8-8B4A-11D0-8D11-00A0C91BC942}") = "TimeSet", "..\..\..\..\..\Arduino\My Examples\131409440606143502\SetTime\SetTime.vcxproj", "{41DE1338-6329-4C28-B1FC-EB701083217F}"
EndProject
Project("{8BC9CEB8-8B4A-11D0-8D11-00A0C91BC942}") = "AllDrawingOperations", "..\..\..\..\..\Arduino\My Examples\131460491142300252\AllDrawingOperations\AllDrawingOperations.vcxproj", "{2C8D56F7-FCB0-4871-A0AF-6DB59CEC287C}"
EndProject
Global
	GlobalSection(SolutionConfigurationPlatforms) = preSolution
		Debug|Any CPU = Debug|Any CPU
		Debug|x64 = Debug|x64
		Debug|x86 = Debug|x86
		Release|Any CPU = Release|Any CPU
		Release|x64 = Release|x64
		Release|x86 = Release|x86
	EndGlobalSection
	GlobalSection(ProjectConfigurationPlatforms) = postSolution
		{D4D0AF39-EA87-47A1-AA76-67D47D24E696}.Debug|Any CPU.ActiveCfg = Debug|Win32
		{D4D0AF39-EA87-47A1-AA76-67D47D24E696}.Debug|x64.ActiveCfg = Debug|x64
		{D4D0AF39-EA87-47A1-AA76-67D47D24E696}.Debug|x64.Build.0 = Debug|x64
		{D4D0AF39-EA87-47A1-AA76-67D47D24E696}.Debug|x86.ActiveCfg = Debug|Win32
		{D4D0AF39-EA87-47A1-AA76-67D47D24E696}.Debug|x86.Build.0 = Debug|Win32
		{D4D0AF39-EA87-47A1-AA76-67D47D24E696}.Release|Any CPU.ActiveCfg = Release|Win32
		{D4D0AF39-EA87-47A1-AA76-67D47D24E696}.Release|x64.ActiveCfg = Release|x64
		{D4D0AF39-EA87-47A1-AA76-67D47D24E696}.Release|x64.Build.0 = Release|x64
		{D4D0AF39-EA87-47A1-AA76-67D47D24E696}.Release|x86.ActiveCfg = Release|Win32
		{D4D0AF39-EA87-47A1-AA76-67D47D24E696}.Release|x86.Build.0 = Release|Win32
		{54C5DD61-0922-4633-8BC9-6E9E01D16D51}.Debug|Any CPU.ActiveCfg = Debug|Win32
		{54C5DD61-0922-4633-8BC9-6E9E01D16D51}.Debug|x64.ActiveCfg = Debug|x64
		{54C5DD61-0922-4633-8BC9-6E9E01D16D51}.Debug|x64.Build.0 = Debug|x64
		{54C5DD61-0922-4633-8BC9-6E9E01D16D51}.Debug|x86.ActiveCfg = Debug|Win32
		{54C5DD61-0922-4633-8BC9-6E9E01D16D51}.Debug|x86.Build.0 = Debug|Win32
		{54C5DD61-0922-4633-8BC9-6E9E01D16D51}.Release|Any CPU.ActiveCfg = Release|Win32
		{54C5DD61-0922-4633-8BC9-6E9E01D16D51}.Release|x64.ActiveCfg = Release|x64
		{54C5DD61-0922-4633-8BC9-6E9E01D16D51}.Release|x64.Build.0 = Release|x64
		{54C5DD61-0922-4633-8BC9-6E9E01D16D51}.Release|x86.ActiveCfg = Release|Win32
		{54C5DD61-0922-4633-8BC9-6E9E01D16D51}.Release|x86.Build.0 = Release|Win32
		{19BEC79E-15CC-48CA-BA2A-0F52D7B676B5}.Debug|Any CPU.ActiveCfg = Debug|Win32
		{19BEC79E-15CC-48CA-BA2A-0F52D7B676B5}.Debug|x64.ActiveCfg = Debug|x64
		{19BEC79E-15CC-48CA-BA2A-0F52D7B676B5}.Debug|x64.Build.0 = Debug|x64
		{19BEC79E-15CC-48CA-BA2A-0F52D7B676B5}.Debug|x86.ActiveCfg = Debug|Win32
		{19BEC79E-15CC-48CA-BA2A-0F52D7B676B5}.Debug|x86.Build.0 = Debug|Win32
		{19BEC79E-15CC-48CA-BA2A-0F52D7B676B5}.Release|Any CPU.ActiveCfg = Release|Win32
		{19BEC79E-15CC-48CA-BA2A-0F52D7B676B5}.Release|x64.ActiveCfg = Release|x64
		{19BEC79E-15CC-48CA-BA2A-0F52D7B676B5}.Release|x64.Build.0 = Release|x64
		{19BEC79E-15CC-48CA-BA2A-0F52D7B676B5}.Release|x86.ActiveCfg = Release|Win32
		{19BEC79E-15CC-48CA-BA2A-0F52D7B676B5}.Release|x86.Build.0 = Release|Win32
		{412C3475-69C4-4753-B875-59F8FBC33196}.Debug|Any CPU.ActiveCfg = Debug|Win32
		{412C3475-69C4-4753-B875-59F8FBC33196}.Debug|x64.ActiveCfg = Debug|x64
		{412C3475-69C4-4753-B875-59F8FBC33196}.Debug|x64.Build.0 = Debug|x64
		{412C3475-69C4-4753-B875-59F8FBC33196}.Debug|x86.ActiveCfg = Debug|Win32
		{412C3475-69C4-4753-B875-59F8FBC33196}.Debug|x86.Build.0 = Debug|Win32
		{412C3475-69C4-4753-B875-59F8FBC33196}.Release|Any CPU.ActiveCfg = Release|Win32
		{412C3475-69C4-4753-B875-59F8FBC33196}.Release|x64.ActiveCfg = Release|x64
		{412C3475-69C4-4753-B875-59F8FBC33196}.Release|x64.Build.0 = Release|x64
		{412C3475-69C4-4753-B875-59F8FBC33196}.Release|x86.ActiveCfg = Release|Win32
		{412C3475-69C4-4753-B875-59F8FBC33196}.Release|x86.Build.0 = Release|Win32
		{49E1D0BB-CE12-4F5D-A6BA-B20D304B0F04}.Debug|Any CPU.ActiveCfg = Debug|Win32
		{49E1D0BB-CE12-4F5D-A6BA-B20D304B0F04}.Debug|x64.ActiveCfg = Debug|x64
		{49E1D0BB-CE12-4F5D-A6BA-B20D304B0F04}.Debug|x64.Build.0 = Debug|x64
		{49E1D0BB-CE12-4F5D-A6BA-B20D304B0F04}.Debug|x86.ActiveCfg = Debug|Win32
		{49E1D0BB-CE12-4F5D-A6BA-B20D304B0F04}.Debug|x86.Build.0 = Debug|Win32
		{49E1D0BB-CE12-4F5D-A6BA-B20D304B0F04}.Release|Any CPU.ActiveCfg = Release|Win32
		{49E1D0BB-CE12-4F5D-A6BA-B20D304B0F04}.Release|x64.ActiveCfg = Release|x64
		{49E1D0BB-CE12-4F5D-A6BA-B20D304B0F04}.Release|x64.Build.0 = Release|x64
		{49E1D0BB-CE12-4F5D-A6BA-B20D304B0F04}.Release|x86.ActiveCfg = Release|Win32
		{49E1D0BB-CE12-4F5D-A6BA-B20D304B0F04}.Release|x86.Build.0 = Release|Win32
		{C5F80730-F44F-4478-BDAE-6634EFC2CA88}.Debug|Any CPU.ActiveCfg = Debug|Win32
		{C5F80730-F44F-4478-BDAE-6634EFC2CA88}.Debug|x64.ActiveCfg = Debug|Win32
		{C5F80730-F44F-4478-BDAE-6634EFC2CA88}.Debug|x86.ActiveCfg = Debug|Win32
		{C5F80730-F44F-4478-BDAE-6634EFC2CA88}.Debug|x86.Build.0 = Debug|Win32
		{C5F80730-F44F-4478-BDAE-6634EFC2CA88}.Release|Any CPU.ActiveCfg = Release|Win32
		{C5F80730-F44F-4478-BDAE-6634EFC2CA88}.Release|x64.ActiveCfg = Release|Win32
		{C5F80730-F44F-4478-BDAE-6634EFC2CA88}.Release|x86.ActiveCfg = Release|Win32
		{C5F80730-F44F-4478-BDAE-6634EFC2CA88}.Release|x86.Build.0 = Release|Win32
		{3D7FCBF2-DD8A-48F2-B43F-8B2A4F51160B}.Debug|Any CPU.ActiveCfg = Debug|Win32
		{3D7FCBF2-DD8A-48F2-B43F-8B2A4F51160B}.Debug|x64.ActiveCfg = Debug|x64
		{3D7FCBF2-DD8A-48F2-B43F-8B2A4F51160B}.Debug|x64.Build.0 = Debug|x64
		{3D7FCBF2-DD8A-48F2-B43F-8B2A4F51160B}.Debug|x86.ActiveCfg = Debug|Win32
		{3D7FCBF2-DD8A-48F2-B43F-8B2A4F51160B}.Debug|x86.Build.0 = Debug|Win32
		{3D7FCBF2-DD8A-48F2-B43F-8B2A4F51160B}.Release|Any CPU.ActiveCfg = Release|Win32
		{3D7FCBF2-DD8A-48F2-B43F-8B2A4F51160B}.Release|x64.ActiveCfg = Release|x64
		{3D7FCBF2-DD8A-48F2-B43F-8B2A4F51160B}.Release|x64.Build.0 = Release|x64
		{3D7FCBF2-DD8A-48F2-B43F-8B2A4F51160B}.Release|x86.ActiveCfg = Release|Win32
		{3D7FCBF2-DD8A-48F2-B43F-8B2A4F51160B}.Release|x86.Build.0 = Release|Win32
		{FD7EDF7E-F6AC-41C6-B7E1-918C434B35BC}.Debug|Any CPU.ActiveCfg = Debug|Win32
		{FD7EDF7E-F6AC-41C6-B7E1-918C434B35BC}.Debug|x64.ActiveCfg = Debug|Win32
		{FD7EDF7E-F6AC-41C6-B7E1-918C434B35BC}.Debug|x86.ActiveCfg = Debug|Win32
		{FD7EDF7E-F6AC-41C6-B7E1-918C434B35BC}.Debug|x86.Build.0 = Debug|Win32
		{FD7EDF7E-F6AC-41C6-B7E1-918C434B35BC}.Release|Any CPU.ActiveCfg = Release|Win32
		{FD7EDF7E-F6AC-41C6-B7E1-918C434B35BC}.Release|x64.ActiveCfg = Release|Win32
		{FD7EDF7E-F6AC-41C6-B7E1-918C434B35BC}.Release|x86.ActiveCfg = Release|Win32
		{FD7EDF7E-F6AC-41C6-B7E1-918C434B35BC}.Release|x86.Build.0 = Release|Win32
		{3DDDE97C-CE2A-4E0F-9A3A-6EBF3A5FF78A}.Debug|Any CPU.ActiveCfg = Debug|Win32
		{3DDDE97C-CE2A-4E0F-9A3A-6EBF3A5FF78A}.Debug|x64.ActiveCfg = Debug|Win32
		{3DDDE97C-CE2A-4E0F-9A3A-6EBF3A5FF78A}.Debug|x86.ActiveCfg = Debug|Win32
		{3DDDE97C-CE2A-4E0F-9A3A-6EBF3A5FF78A}.Debug|x86.Build.0 = Debug|Win32
		{3DDDE97C-CE2A-4E0F-9A3A-6EBF3A5FF78A}.Release|Any CPU.ActiveCfg = Release|Win32
		{3DDDE97C-CE2A-4E0F-9A3A-6EBF3A5FF78A}.Release|x64.ActiveCfg = Release|Win32
		{3DDDE97C-CE2A-4E0F-9A3A-6EBF3A5FF78A}.Release|x86.ActiveCfg = Release|Win32
		{3DDDE97C-CE2A-4E0F-9A3A-6EBF3A5FF78A}.Release|x86.Build.0 = Release|Win32
		{1F854385-91AA-4F9E-85B5-D661E0F0DB69}.Debug|Any CPU.ActiveCfg = Debug|Win32
		{1F854385-91AA-4F9E-85B5-D661E0F0DB69}.Debug|x64.ActiveCfg = Debug|Win32
		{1F854385-91AA-4F9E-85B5-D661E0F0DB69}.Debug|x86.ActiveCfg = Debug|Win32
		{1F854385-91AA-4F9E-85B5-D661E0F0DB69}.Debug|x86.Build.0 = Debug|Win32
		{1F854385-91AA-4F9E-85B5-D661E0F0DB69}.Release|Any CPU.ActiveCfg = Release|Win32
		{1F854385-91AA-4F9E-85B5-D661E0F0DB69}.Release|x64.ActiveCfg = Release|Win32
		{1F854385-91AA-4F9E-85B5-D661E0F0DB69}.Release|x86.ActiveCfg = Release|Win32
		{1F854385-91AA-4F9E-85B5-D661E0F0DB69}.Release|x86.Build.0 = Release|Win32
		{41DE1338-6329-4C28-B1FC-EB701083217F}.Debug|Any CPU.ActiveCfg = Debug|Win32
		{41DE1338-6329-4C28-B1FC-EB701083217F}.Debug|x64.ActiveCfg = Debug|Win32
		{41DE1338-6329-4C28-B1FC-EB701083217F}.Debug|x86.ActiveCfg = Debug|Win32
		{41DE1338-6329-4C28-B1FC-EB701083217F}.Debug|x86.Build.0 = Debug|Win32
		{41DE1338-6329-4C28-B1FC-EB701083217F}.Release|Any CPU.ActiveCfg = Release|Win32
		{41DE1338-6329-4C28-B1FC-EB701083217F}.Release|x64.ActiveCfg = Release|Win32
		{41DE1338-6329-4C28-B1FC-EB701083217F}.Release|x86.ActiveCfg = Release|Win32
		{41DE1338-6329-4C28-B1FC-EB701083217F}.Release|x86.Build.0 = Release|Win32
		{2C8D56F7-FCB0-4871-A0AF-6DB59CEC287C}.Debug|Any CPU.ActiveCfg = Debug|Win32
		{2C8D56F7-FCB0-4871-A0AF-6DB59CEC287C}.Debug|x64.ActiveCfg = Debug|Win32
		{2C8D56F7-FCB0-4871-A0AF-6DB59CEC287C}.Debug|x86.ActiveCfg = Debug|Win32
		{2C8D56F7-FCB0-4871-A0AF-6DB59CEC287C}.Debug|x86.Build.0 = Debug|Win32
		{2C8D56F7-FCB0-4871-A0AF-6DB59CEC287C}.Release|Any CPU.ActiveCfg = Release|Win32
		{2C8D56F7-FCB0-4871-A0AF-6DB59CEC287C}.Release|x64.ActiveCfg = Release|Win32
		{2C8D56F7-FCB0-4871-A0AF-6DB59CEC287C}.Release|x86.ActiveCfg = Release|Win32
		{2C8D56F7-FCB0-4871-A0AF-6DB59CEC287C}.Release|x86.Build.0 = Release|Win32
	EndGlobalSection
	GlobalSection(SolutionProperties) = preSolution
		HideSolutionNode = FALSE
	EndGlobalSection
EndGlobal
